
Microsoft Visual Studio Solution File, Format Version 12.00
# Visual Studio 15
VisualStudioVersion = 15.0.28010.2016
MinimumVisualStudioVersion = 10.0.40219.1
Project("{00D1A9C2-B5F0-4AF3-8072-F6C62B433612}") = "BballDB", "BballDB\BballDB.sqlproj", "{2A0BBA73-9FFE-4F8F-9E6F-6263A8F6BBC6}"
EndProject
Project("{FAE04EC0-301F-11D3-BF4B-00C04F79EFBC}") = "BBallTeamApp", "BBallTeamApp\BBallTeamApp.csproj", "{2A166B30-FE72-4224-88D8-6F30F7774D8F}"
EndProject
Global
	GlobalSection(SolutionConfigurationPlatforms) = preSolution
		Debug|Any CPU = Debug|Any CPU
		Release|Any CPU = Release|Any CPU
	EndGlobalSection
	GlobalSection(ProjectConfigurationPlatforms) = postSolution
		{2A0BBA73-9FFE-4F8F-9E6F-6263A8F6BBC6}.Debug|Any CPU.ActiveCfg = Debug|Any CPU
		{2A0BBA73-9FFE-4F8F-9E6F-6263A8F6BBC6}.Debug|Any CPU.Build.0 = Debug|Any CPU
		{2A0BBA73-9FFE-4F8F-9E6F-6263A8F6BBC6}.Debug|Any CPU.Deploy.0 = Debug|Any CPU
		{2A0BBA73-9FFE-4F8F-9E6F-6263A8F6BBC6}.Release|Any CPU.ActiveCfg = Release|Any CPU
		{2A0BBA73-9FFE-4F8F-9E6F-6263A8F6BBC6}.Release|Any CPU.Build.0 = Release|Any CPU
		{2A0BBA73-9FFE-4F8F-9E6F-6263A8F6BBC6}.Release|Any CPU.Deploy.0 = Release|Any CPU
		{2A166B30-FE72-4224-88D8-6F30F7774D8F}.Debug|Any CPU.ActiveCfg = Debug|Any CPU
		{2A166B30-FE72-4224-88D8-6F30F7774D8F}.Debug|Any CPU.Build.0 = Debug|Any CPU
		{2A166B30-FE72-4224-88D8-6F30F7774D8F}.Release|Any CPU.ActiveCfg = Release|Any CPU
		{2A166B30-FE72-4224-88D8-6F30F7774D8F}.Release|Any CPU.Build.0 = Release|Any CPU
	EndGlobalSection
	GlobalSection(SolutionProperties) = preSolution
		HideSolutionNode = FALSE
	EndGlobalSection
	GlobalSection(ExtensibilityGlobals) = postSolution
		SolutionGuid = {248D1A76-C234-48A6-A645-51E0D6E87EBF}
	EndGlobalSection
EndGlobal
